
Microsoft Visual Studio Solution File, Format Version 12.00
# Visual Studio Version 17
VisualStudioVersion = 17.0.31903.59
MinimumVisualStudioVersion = 10.0.40219.1
Project("{9A19103F-16F7-4668-BE54-9A1E7A4F7556}") = "Common", "Common\Common.csproj", "{F460541A-00A2-47E5-89C4-830258047F8D}"
EndProject
Project("{9A19103F-16F7-4668-BE54-9A1E7A4F7556}") = "Api", "Api\Api.csproj", "{53A7E3B5-2A88-46D1-A816-E0272E20B55E}"
EndProject
Project("{9A19103F-16F7-4668-BE54-9A1E7A4F7556}") = "Business", "Business\Business.csproj", "{ECA1FAEE-30CC-4475-9321-94E5114AC9BD}"
EndProject
Project("{FAE04EC0-301F-11D3-BF4B-00C04F79EFBC}") = "Test.Spec", "Test.Spec\Test.Spec.csproj", "{2DCC2F8C-F470-4F98-B16B-620A87238F99}"
EndProject
Global
	GlobalSection(SolutionConfigurationPlatforms) = preSolution
		Debug|Any CPU = Debug|Any CPU
		Release|Any CPU = Release|Any CPU
	EndGlobalSection
	GlobalSection(ProjectConfigurationPlatforms) = postSolution
		{F460541A-00A2-47E5-89C4-830258047F8D}.Debug|Any CPU.ActiveCfg = Debug|Any CPU
		{F460541A-00A2-47E5-89C4-830258047F8D}.Debug|Any CPU.Build.0 = Debug|Any CPU
		{F460541A-00A2-47E5-89C4-830258047F8D}.Release|Any CPU.ActiveCfg = Release|Any CPU
		{F460541A-00A2-47E5-89C4-830258047F8D}.Release|Any CPU.Build.0 = Release|Any CPU
		{53A7E3B5-2A88-46D1-A816-E0272E20B55E}.Debug|Any CPU.ActiveCfg = Debug|Any CPU
		{53A7E3B5-2A88-46D1-A816-E0272E20B55E}.Debug|Any CPU.Build.0 = Debug|Any CPU
		{53A7E3B5-2A88-46D1-A816-E0272E20B55E}.Release|Any CPU.ActiveCfg = Release|Any CPU
		{53A7E3B5-2A88-46D1-A816-E0272E20B55E}.Release|Any CPU.Build.0 = Release|Any CPU
		{ECA1FAEE-30CC-4475-9321-94E5114AC9BD}.Debug|Any CPU.ActiveCfg = Debug|Any CPU
		{ECA1FAEE-30CC-4475-9321-94E5114AC9BD}.Debug|Any CPU.Build.0 = Debug|Any CPU
		{ECA1FAEE-30CC-4475-9321-94E5114AC9BD}.Release|Any CPU.ActiveCfg = Release|Any CPU
		{ECA1FAEE-30CC-4475-9321-94E5114AC9BD}.Release|Any CPU.Build.0 = Release|Any CPU
		{2DCC2F8C-F470-4F98-B16B-620A87238F99}.Debug|Any CPU.ActiveCfg = Debug|Any CPU
		{2DCC2F8C-F470-4F98-B16B-620A87238F99}.Debug|Any CPU.Build.0 = Debug|Any CPU
		{2DCC2F8C-F470-4F98-B16B-620A87238F99}.Release|Any CPU.ActiveCfg = Release|Any CPU
		{2DCC2F8C-F470-4F98-B16B-620A87238F99}.Release|Any CPU.Build.0 = Release|Any CPU
	EndGlobalSection
	GlobalSection(SolutionProperties) = preSolution
		HideSolutionNode = FALSE
	EndGlobalSection
	GlobalSection(ExtensibilityGlobals) = postSolution
		SolutionGuid = {D854B1C0-66B1-4F82-B9FF-4548D574D03D}
	EndGlobalSection
EndGlobal
